
Microsoft Visual Studio Solution File, Format Version 12.00
# Visual Studio Version 16
VisualStudioVersion = 16.0.29926.136
MinimumVisualStudioVersion = 10.0.40219.1
Project("{8BC9CEB8-8B4A-11D0-8D11-00A0C91BC942}") = "NBC_TASK2_PlayerClass", "NBC_TASK2_PlayerClass.vcxproj", "{16D1E42A-4298-49B8-9F81-83EB48B6653E}"
EndProject
Global
	GlobalSection(SolutionConfigurationPlatforms) = preSolution
		Debug|x64 = Debug|x64
		Debug|x86 = Debug|x86
		Release|x64 = Release|x64
		Release|x86 = Release|x86
	EndGlobalSection
	GlobalSection(ProjectConfigurationPlatforms) = postSolution
		{16D1E42A-4298-49B8-9F81-83EB48B6653E}.Debug|x64.ActiveCfg = Debug|x64
		{16D1E42A-4298-49B8-9F81-83EB48B6653E}.Debug|x64.Build.0 = Debug|x64
		{16D1E42A-4298-49B8-9F81-83EB48B6653E}.Debug|x86.ActiveCfg = Debug|Win32
		{16D1E42A-4298-49B8-9F81-83EB48B6653E}.Debug|x86.Build.0 = Debug|Win32
		{16D1E42A-4298-49B8-9F81-83EB48B6653E}.Release|x64.ActiveCfg = Release|x64
		{16D1E42A-4298-49B8-9F81-83EB48B6653E}.Release|x64.Build.0 = Release|x64
		{16D1E42A-4298-49B8-9F81-83EB48B6653E}.Release|x86.ActiveCfg = Release|Win32
		{16D1E42A-4298-49B8-9F81-83EB48B6653E}.Release|x86.Build.0 = Release|Win32
	EndGlobalSection
	GlobalSection(SolutionProperties) = preSolution
		HideSolutionNode = FALSE
	EndGlobalSection
	GlobalSection(ExtensibilityGlobals) = postSolution
		SolutionGuid = {F95033F7-973C-4347-A724-6D13A4649FC6}
	EndGlobalSection
EndGlobal
